
Microsoft Visual Studio Solution File, Format Version 12.00
# Visual Studio Version 16
VisualStudioVersion = 16.0.28922.388
MinimumVisualStudioVersion = 10.0.40219.1
Project("{FAE04EC0-301F-11D3-BF4B-00C04F79EFBC}") = "ArrayCopyVsBufferBlockCopy", "ArrayCopyVsBufferBlockCopy\ArrayCopyVsBufferBlockCopy.csproj", "{4A8F906B-CAF1-40B4-82D9-E9BF0F17CB4A}"
EndProject
Global
	GlobalSection(SolutionConfigurationPlatforms) = preSolution
		Debug|Any CPU = Debug|Any CPU
		Release|Any CPU = Release|Any CPU
	EndGlobalSection
	GlobalSection(ProjectConfigurationPlatforms) = postSolution
		{4A8F906B-CAF1-40B4-82D9-E9BF0F17CB4A}.Debug|Any CPU.ActiveCfg = Debug|Any CPU
		{4A8F906B-CAF1-40B4-82D9-E9BF0F17CB4A}.Debug|Any CPU.Build.0 = Debug|Any CPU
		{4A8F906B-CAF1-40B4-82D9-E9BF0F17CB4A}.Release|Any CPU.ActiveCfg = Release|Any CPU
		{4A8F906B-CAF1-40B4-82D9-E9BF0F17CB4A}.Release|Any CPU.Build.0 = Release|Any CPU
	EndGlobalSection
	GlobalSection(SolutionProperties) = preSolution
		HideSolutionNode = FALSE
	EndGlobalSection
	GlobalSection(ExtensibilityGlobals) = postSolution
		SolutionGuid = {CCFF100F-4322-4B7F-8F86-E7F88AA8A2B1}
	EndGlobalSection
EndGlobal
